{
  "nodes": {
    "airflow": {
      "flake": false,
      "locked": {
        "lastModified": 1602985571,
        "narHash": "sha256-KmVQC+hsDFnilyDrT1RsRTHSMZirw8gn++qLmjJaIAc=",
        "owner": "apache",
        "repo": "airflow",
        "rev": "728518224b9c6469c74b66d9d2b47b13de00fc8c",
        "type": "github"
      },
      "original": {
        "owner": "apache",
        "repo": "airflow",
        "rev": "728518224b9c6469c74b66d9d2b47b13de00fc8c",
        "type": "github"
      }
    },
    "nixpkgs": {
      "locked": {
        "lastModified": 1597710717,
        "narHash": "sha256-3vAocE54PK1uU/HwZWL1rs4vRoNhPnRZNB4TTx6D1Zw=",
        "owner": "NixOS",
        "repo": "nixpkgs",
        "rev": "8bdebd463bc77c9b83d66e690cba822a51c34b9b",
        "type": "github"
      },
      "original": {
        "id": "nixpkgs",
        "rev": "8bdebd463bc77c9b83d66e690cba822a51c34b9b",
        "type": "indirect"
      }
    },
    "ranz2nix": {
      "flake": false,
      "locked": {
        "lastModified": 1594668772,
        "narHash": "sha256-JE7lk0rDP5itZqWOwjuv8N18xLbGc6XL/0u9rMnhXUk=",
        "owner": "andir",
        "repo": "ranz2nix",
        "rev": "637276c3110716d2a798e737fe62e54b37190d50",
        "type": "github"
      },
      "original": {
        "owner": "andir",
        "repo": "ranz2nix",
        "type": "github"
      }
    },
    "root": {
      "inputs": {
        "airflow": "airflow",
        "nixpkgs": "nixpkgs",
        "ranz2nix": "ranz2nix"
      }
    }
  },
  "root": "root",
  "version": 7
}
